{"is_source_file": false, "format": "", "description": "", "external_files": [], "external_methods": [], "published": [], "classes": [], "methods": [], "calls": [], "search-terms": [], "state": 2, "file_id": 17, "knowledge_revision": 28, "git_revision": "eca4eba020a1c462be14e152285300ff5c78ef36", "hash": "9c4ed7ef73e22b872b8055bec08b8979", "format-version": 4, "code-base-name": "default", "filename": "moodmelody/post_process_status.lock", "revision_history": [{"28": "eca4eba020a1c462be14e152285300ff5c78ef36"}]}